
Microsoft Visual Studio Solution File, Format Version 12.00
# Visual Studio Version 16
VisualStudioVersion = 16.0.29306.81
MinimumVisualStudioVersion = 10.0.40219.1
Project("{8BC9CEB8-8B4A-11D0-8D11-00A0C91BC942}") = "ComputerGraphics", "ComputerGraphics\ComputerGraphics.vcxproj", "{4A936B97-60CB-4EB0-A17D-3DB87C8B1144}"
EndProject
Project("{8BC9CEB8-8B4A-11D0-8D11-00A0C91BC942}") = "ComputerGraphics_hw1_q1_1", "ComputerGraphics_hw1_q1\ComputerGraphics_hw1_q1.vcxproj", "{08D65581-D6DA-42DF-B2C7-AEB14EE17210}"
EndProject
Project("{8BC9CEB8-8B4A-11D0-8D11-00A0C91BC942}") = "ComputerGraphics_hw1_q1_2", "ComputerGraphics_hw1_q1_2\ComputerGraphics_hw1_q1_2.vcxproj", "{19A6D942-5456-4CDD-83D1-45698318CCFC}"
EndProject
Project("{8BC9CEB8-8B4A-11D0-8D11-00A0C91BC942}") = "ComputerGraphics_hw1_q2_1", "ComputerGraphics_hw1_q2_1\ComputerGraphics_hw1_q2_1.vcxproj", "{B655D5DF-6B76-4774-AFEF-0036D4F2BC2D}"
EndProject
Project("{8BC9CEB8-8B4A-11D0-8D11-00A0C91BC942}") = "ComputerGraphics_hw1_q2_2", "ComputerGraphics_hw1_q2_2\ComputerGraphics_hw1_q2_2.vcxproj", "{D64C0FBE-A00E-41AA-9B55-94D5486F5B69}"
EndProject
Project("{8BC9CEB8-8B4A-11D0-8D11-00A0C91BC942}") = "ComputerGraphics_hw1_q3", "ComputerGraphics_hw1_q3\ComputerGraphics_hw1_q3.vcxproj", "{D29F1C82-07D5-4AB4-8DDD-F77536F61EB3}"
EndProject
Project("{8BC9CEB8-8B4A-11D0-8D11-00A0C91BC942}") = "hw7-8_base", "hw7-8\hw7-8.vcxproj", "{94C86B79-5AE7-41F4-9343-C869979D7A21}"
EndProject
Project("{8BC9CEB8-8B4A-11D0-8D11-00A0C91BC942}") = "hw7-8-1", "hw7-8-1\hw7-8-1.vcxproj", "{7A8E9E91-7CE4-416D-90A4-081EAD60582D}"
EndProject
Project("{8BC9CEB8-8B4A-11D0-8D11-00A0C91BC942}") = "hw7-8-2", "hw7-8-2\hw7-8-2.vcxproj", "{A063141E-C19B-441D-A6FE-A60D31C58555}"
EndProject
Project("{8BC9CEB8-8B4A-11D0-8D11-00A0C91BC942}") = "hw7-8-3", "hw7-8-3\hw7-8-3.vcxproj", "{78A559EA-7BAD-4FE1-BBD8-F17D9E798DDF}"
EndProject
Project("{8BC9CEB8-8B4A-11D0-8D11-00A0C91BC942}") = "hw7-8-4", "hx7-8-4\hx7-8-4.vcxproj", "{4B0569D9-C5B6-4A78-82AA-DE37EEAF6FB1}"
EndProject
Project("{8BC9CEB8-8B4A-11D0-8D11-00A0C91BC942}") = "hw7-8-5", "hw7-8-5\hw7-8-5.vcxproj", "{52439352-7227-4CFD-8043-067EFC9960F0}"
EndProject
Project("{8BC9CEB8-8B4A-11D0-8D11-00A0C91BC942}") = "hw7-8-6", "7-8-6\7-8-6.vcxproj", "{B5D42616-F986-4221-B4CD-ADE9BCAD3AD3}"
EndProject
Project("{8BC9CEB8-8B4A-11D0-8D11-00A0C91BC942}") = "hw7-8-7", "hw7-8-7\hw7-8-7.vcxproj", "{191132D2-9965-47F8-BC70-0DC983C41C78}"
EndProject
Project("{8BC9CEB8-8B4A-11D0-8D11-00A0C91BC942}") = "hw-7-8-8", "hw-7-8-8\hw-7-8-8.vcxproj", "{E38CDA7E-B78F-4CF0-9932-BEE31785C414}"
EndProject
Project("{8BC9CEB8-8B4A-11D0-8D11-00A0C91BC942}") = "hw-7-9_base", "hw-7-9-base\hw-7-9-base.vcxproj", "{325D9071-4FB7-4C05-9021-C950425DB0BD}"
EndProject
Project("{8BC9CEB8-8B4A-11D0-8D11-00A0C91BC942}") = "hw7-9-1", "hw7-9-1\hw7-9-1.vcxproj", "{7C1FCCED-7EA6-492E-9D8F-25F7DE4C3CC4}"
EndProject
Project("{8BC9CEB8-8B4A-11D0-8D11-00A0C91BC942}") = "hw7-9-2", "hw7-9-2\hw7-9-2.vcxproj", "{BC11E86F-50AB-458C-AC52-DE57365025D8}"
EndProject
Project("{8BC9CEB8-8B4A-11D0-8D11-00A0C91BC942}") = "hw7-9-3", "hw7-9-3\hw7-9-3.vcxproj", "{2F85EB1E-4F3C-4833-847A-02C083D9E8B9}"
EndProject
Global
	GlobalSection(SolutionConfigurationPlatforms) = preSolution
		Debug|x64 = Debug|x64
		Debug|x86 = Debug|x86
		Release|x64 = Release|x64
		Release|x86 = Release|x86
	EndGlobalSection
	GlobalSection(ProjectConfigurationPlatforms) = postSolution
		{4A936B97-60CB-4EB0-A17D-3DB87C8B1144}.Debug|x64.ActiveCfg = Debug|x64
		{4A936B97-60CB-4EB0-A17D-3DB87C8B1144}.Debug|x64.Build.0 = Debug|x64
		{4A936B97-60CB-4EB0-A17D-3DB87C8B1144}.Debug|x86.ActiveCfg = Debug|Win32
		{4A936B97-60CB-4EB0-A17D-3DB87C8B1144}.Debug|x86.Build.0 = Debug|Win32
		{4A936B97-60CB-4EB0-A17D-3DB87C8B1144}.Release|x64.ActiveCfg = Release|x64
		{4A936B97-60CB-4EB0-A17D-3DB87C8B1144}.Release|x64.Build.0 = Release|x64
		{4A936B97-60CB-4EB0-A17D-3DB87C8B1144}.Release|x86.ActiveCfg = Release|Win32
		{4A936B97-60CB-4EB0-A17D-3DB87C8B1144}.Release|x86.Build.0 = Release|Win32
		{08D65581-D6DA-42DF-B2C7-AEB14EE17210}.Debug|x64.ActiveCfg = Debug|x64
		{08D65581-D6DA-42DF-B2C7-AEB14EE17210}.Debug|x64.Build.0 = Debug|x64
		{08D65581-D6DA-42DF-B2C7-AEB14EE17210}.Debug|x86.ActiveCfg = Debug|Win32
		{08D65581-D6DA-42DF-B2C7-AEB14EE17210}.Debug|x86.Build.0 = Debug|Win32
		{08D65581-D6DA-42DF-B2C7-AEB14EE17210}.Release|x64.ActiveCfg = Release|x64
		{08D65581-D6DA-42DF-B2C7-AEB14EE17210}.Release|x64.Build.0 = Release|x64
		{08D65581-D6DA-42DF-B2C7-AEB14EE17210}.Release|x86.ActiveCfg = Release|Win32
		{08D65581-D6DA-42DF-B2C7-AEB14EE17210}.Release|x86.Build.0 = Release|Win32
		{19A6D942-5456-4CDD-83D1-45698318CCFC}.Debug|x64.ActiveCfg = Debug|x64
		{19A6D942-5456-4CDD-83D1-45698318CCFC}.Debug|x64.Build.0 = Debug|x64
		{19A6D942-5456-4CDD-83D1-45698318CCFC}.Debug|x86.ActiveCfg = Debug|Win32
		{19A6D942-5456-4CDD-83D1-45698318CCFC}.Debug|x86.Build.0 = Debug|Win32
		{19A6D942-5456-4CDD-83D1-45698318CCFC}.Release|x64.ActiveCfg = Release|x64
		{19A6D942-5456-4CDD-83D1-45698318CCFC}.Release|x64.Build.0 = Release|x64
		{19A6D942-5456-4CDD-83D1-45698318CCFC}.Release|x86.ActiveCfg = Release|Win32
		{19A6D942-5456-4CDD-83D1-45698318CCFC}.Release|x86.Build.0 = Release|Win32
		{B655D5DF-6B76-4774-AFEF-0036D4F2BC2D}.Debug|x64.ActiveCfg = Debug|x64
		{B655D5DF-6B76-4774-AFEF-0036D4F2BC2D}.Debug|x64.Build.0 = Debug|x64
		{B655D5DF-6B76-4774-AFEF-0036D4F2BC2D}.Debug|x86.ActiveCfg = Debug|Win32
		{B655D5DF-6B76-4774-AFEF-0036D4F2BC2D}.Debug|x86.Build.0 = Debug|Win32
		{B655D5DF-6B76-4774-AFEF-0036D4F2BC2D}.Release|x64.ActiveCfg = Release|x64
		{B655D5DF-6B76-4774-AFEF-0036D4F2BC2D}.Release|x64.Build.0 = Release|x64
		{B655D5DF-6B76-4774-AFEF-0036D4F2BC2D}.Release|x86.ActiveCfg = Release|Win32
		{B655D5DF-6B76-4774-AFEF-0036D4F2BC2D}.Release|x86.Build.0 = Release|Win32
		{D64C0FBE-A00E-41AA-9B55-94D5486F5B69}.Debug|x64.ActiveCfg = Debug|x64
		{D64C0FBE-A00E-41AA-9B55-94D5486F5B69}.Debug|x64.Build.0 = Debug|x64
		{D64C0FBE-A00E-41AA-9B55-94D5486F5B69}.Debug|x86.ActiveCfg = Debug|Win32
		{D64C0FBE-A00E-41AA-9B55-94D5486F5B69}.Debug|x86.Build.0 = Debug|Win32
		{D64C0FBE-A00E-41AA-9B55-94D5486F5B69}.Release|x64.ActiveCfg = Release|x64
		{D64C0FBE-A00E-41AA-9B55-94D5486F5B69}.Release|x64.Build.0 = Release|x64
		{D64C0FBE-A00E-41AA-9B55-94D5486F5B69}.Release|x86.ActiveCfg = Release|Win32
		{D64C0FBE-A00E-41AA-9B55-94D5486F5B69}.Release|x86.Build.0 = Release|Win32
		{D29F1C82-07D5-4AB4-8DDD-F77536F61EB3}.Debug|x64.ActiveCfg = Debug|x64
		{D29F1C82-07D5-4AB4-8DDD-F77536F61EB3}.Debug|x64.Build.0 = Debug|x64
		{D29F1C82-07D5-4AB4-8DDD-F77536F61EB3}.Debug|x86.ActiveCfg = Debug|Win32
		{D29F1C82-07D5-4AB4-8DDD-F77536F61EB3}.Debug|x86.Build.0 = Debug|Win32
		{D29F1C82-07D5-4AB4-8DDD-F77536F61EB3}.Release|x64.ActiveCfg = Release|x64
		{D29F1C82-07D5-4AB4-8DDD-F77536F61EB3}.Release|x64.Build.0 = Release|x64
		{D29F1C82-07D5-4AB4-8DDD-F77536F61EB3}.Release|x86.ActiveCfg = Release|Win32
		{D29F1C82-07D5-4AB4-8DDD-F77536F61EB3}.Release|x86.Build.0 = Release|Win32
		{94C86B79-5AE7-41F4-9343-C869979D7A21}.Debug|x64.ActiveCfg = Debug|x64
		{94C86B79-5AE7-41F4-9343-C869979D7A21}.Debug|x64.Build.0 = Debug|x64
		{94C86B79-5AE7-41F4-9343-C869979D7A21}.Debug|x86.ActiveCfg = Debug|Win32
		{94C86B79-5AE7-41F4-9343-C869979D7A21}.Debug|x86.Build.0 = Debug|Win32
		{94C86B79-5AE7-41F4-9343-C869979D7A21}.Release|x64.ActiveCfg = Release|x64
		{94C86B79-5AE7-41F4-9343-C869979D7A21}.Release|x64.Build.0 = Release|x64
		{94C86B79-5AE7-41F4-9343-C869979D7A21}.Release|x86.ActiveCfg = Release|Win32
		{94C86B79-5AE7-41F4-9343-C869979D7A21}.Release|x86.Build.0 = Release|Win32
		{7A8E9E91-7CE4-416D-90A4-081EAD60582D}.Debug|x64.ActiveCfg = Debug|x64
		{7A8E9E91-7CE4-416D-90A4-081EAD60582D}.Debug|x64.Build.0 = Debug|x64
		{7A8E9E91-7CE4-416D-90A4-081EAD60582D}.Debug|x86.ActiveCfg = Debug|Win32
		{7A8E9E91-7CE4-416D-90A4-081EAD60582D}.Debug|x86.Build.0 = Debug|Win32
		{7A8E9E91-7CE4-416D-90A4-081EAD60582D}.Release|x64.ActiveCfg = Release|x64
		{7A8E9E91-7CE4-416D-90A4-081EAD60582D}.Release|x64.Build.0 = Release|x64
		{7A8E9E91-7CE4-416D-90A4-081EAD60582D}.Release|x86.ActiveCfg = Release|Win32
		{7A8E9E91-7CE4-416D-90A4-081EAD60582D}.Release|x86.Build.0 = Release|Win32
		{A063141E-C19B-441D-A6FE-A60D31C58555}.Debug|x64.ActiveCfg = Debug|x64
		{A063141E-C19B-441D-A6FE-A60D31C58555}.Debug|x64.Build.0 = Debug|x64
		{A063141E-C19B-441D-A6FE-A60D31C58555}.Debug|x86.ActiveCfg = Debug|Win32
		{A063141E-C19B-441D-A6FE-A60D31C58555}.Debug|x86.Build.0 = Debug|Win32
		{A063141E-C19B-441D-A6FE-A60D31C58555}.Release|x64.ActiveCfg = Release|x64
		{A063141E-C19B-441D-A6FE-A60D31C58555}.Release|x64.Build.0 = Release|x64
		{A063141E-C19B-441D-A6FE-A60D31C58555}.Release|x86.ActiveCfg = Release|Win32
		{A063141E-C19B-441D-A6FE-A60D31C58555}.Release|x86.Build.0 = Release|Win32
		{78A559EA-7BAD-4FE1-BBD8-F17D9E798DDF}.Debug|x64.ActiveCfg = Debug|x64
		{78A559EA-7BAD-4FE1-BBD8-F17D9E798DDF}.Debug|x64.Build.0 = Debug|x64
		{78A559EA-7BAD-4FE1-BBD8-F17D9E798DDF}.Debug|x86.ActiveCfg = Debug|Win32
		{78A559EA-7BAD-4FE1-BBD8-F17D9E798DDF}.Debug|x86.Build.0 = Debug|Win32
		{78A559EA-7BAD-4FE1-BBD8-F17D9E798DDF}.Release|x64.ActiveCfg = Release|x64
		{78A559EA-7BAD-4FE1-BBD8-F17D9E798DDF}.Release|x64.Build.0 = Release|x64
		{78A559EA-7BAD-4FE1-BBD8-F17D9E798DDF}.Release|x86.ActiveCfg = Release|Win32
		{78A559EA-7BAD-4FE1-BBD8-F17D9E798DDF}.Release|x86.Build.0 = Release|Win32
		{4B0569D9-C5B6-4A78-82AA-DE37EEAF6FB1}.Debug|x64.ActiveCfg = Debug|x64
		{4B0569D9-C5B6-4A78-82AA-DE37EEAF6FB1}.Debug|x64.Build.0 = Debug|x64
		{4B0569D9-C5B6-4A78-82AA-DE37EEAF6FB1}.Debug|x86.ActiveCfg = Debug|Win32
		{4B0569D9-C5B6-4A78-82AA-DE37EEAF6FB1}.Debug|x86.Build.0 = Debug|Win32
		{4B0569D9-C5B6-4A78-82AA-DE37EEAF6FB1}.Release|x64.ActiveCfg = Release|x64
		{4B0569D9-C5B6-4A78-82AA-DE37EEAF6FB1}.Release|x64.Build.0 = Release|x64
		{4B0569D9-C5B6-4A78-82AA-DE37EEAF6FB1}.Release|x86.ActiveCfg = Release|Win32
		{4B0569D9-C5B6-4A78-82AA-DE37EEAF6FB1}.Release|x86.Build.0 = Release|Win32
		{52439352-7227-4CFD-8043-067EFC9960F0}.Debug|x64.ActiveCfg = Debug|x64
		{52439352-7227-4CFD-8043-067EFC9960F0}.Debug|x64.Build.0 = Debug|x64
		{52439352-7227-4CFD-8043-067EFC9960F0}.Debug|x86.ActiveCfg = Debug|Win32
		{52439352-7227-4CFD-8043-067EFC9960F0}.Debug|x86.Build.0 = Debug|Win32
		{52439352-7227-4CFD-8043-067EFC9960F0}.Release|x64.ActiveCfg = Release|x64
		{52439352-7227-4CFD-8043-067EFC9960F0}.Release|x64.Build.0 = Release|x64
		{52439352-7227-4CFD-8043-067EFC9960F0}.Release|x86.ActiveCfg = Release|Win32
		{52439352-7227-4CFD-8043-067EFC9960F0}.Release|x86.Build.0 = Release|Win32
		{B5D42616-F986-4221-B4CD-ADE9BCAD3AD3}.Debug|x64.ActiveCfg = Debug|x64
		{B5D42616-F986-4221-B4CD-ADE9BCAD3AD3}.Debug|x64.Build.0 = Debug|x64
		{B5D42616-F986-4221-B4CD-ADE9BCAD3AD3}.Debug|x86.ActiveCfg = Debug|Win32
		{B5D42616-F986-4221-B4CD-ADE9BCAD3AD3}.Debug|x86.Build.0 = Debug|Win32
		{B5D42616-F986-4221-B4CD-ADE9BCAD3AD3}.Release|x64.ActiveCfg = Release|x64
		{B5D42616-F986-4221-B4CD-ADE9BCAD3AD3}.Release|x64.Build.0 = Release|x64
		{B5D42616-F986-4221-B4CD-ADE9BCAD3AD3}.Release|x86.ActiveCfg = Release|Win32
		{B5D42616-F986-4221-B4CD-ADE9BCAD3AD3}.Release|x86.Build.0 = Release|Win32
		{191132D2-9965-47F8-BC70-0DC983C41C78}.Debug|x64.ActiveCfg = Debug|x64
		{191132D2-9965-47F8-BC70-0DC983C41C78}.Debug|x64.Build.0 = Debug|x64
		{191132D2-9965-47F8-BC70-0DC983C41C78}.Debug|x86.ActiveCfg = Debug|Win32
		{191132D2-9965-47F8-BC70-0DC983C41C78}.Debug|x86.Build.0 = Debug|Win32
		{191132D2-9965-47F8-BC70-0DC983C41C78}.Release|x64.ActiveCfg = Release|x64
		{191132D2-9965-47F8-BC70-0DC983C41C78}.Release|x64.Build.0 = Release|x64
		{191132D2-9965-47F8-BC70-0DC983C41C78}.Release|x86.ActiveCfg = Release|Win32
		{191132D2-9965-47F8-BC70-0DC983C41C78}.Release|x86.Build.0 = Release|Win32
		{E38CDA7E-B78F-4CF0-9932-BEE31785C414}.Debug|x64.ActiveCfg = Debug|x64
		{E38CDA7E-B78F-4CF0-9932-BEE31785C414}.Debug|x64.Build.0 = Debug|x64
		{E38CDA7E-B78F-4CF0-9932-BEE31785C414}.Debug|x86.ActiveCfg = Debug|Win32
		{E38CDA7E-B78F-4CF0-9932-BEE31785C414}.Debug|x86.Build.0 = Debug|Win32
		{E38CDA7E-B78F-4CF0-9932-BEE31785C414}.Release|x64.ActiveCfg = Release|x64
		{E38CDA7E-B78F-4CF0-9932-BEE31785C414}.Release|x64.Build.0 = Release|x64
		{E38CDA7E-B78F-4CF0-9932-BEE31785C414}.Release|x86.ActiveCfg = Release|Win32
		{E38CDA7E-B78F-4CF0-9932-BEE31785C414}.Release|x86.Build.0 = Release|Win32
		{325D9071-4FB7-4C05-9021-C950425DB0BD}.Debug|x64.ActiveCfg = Debug|x64
		{325D9071-4FB7-4C05-9021-C950425DB0BD}.Debug|x64.Build.0 = Debug|x64
		{325D9071-4FB7-4C05-9021-C950425DB0BD}.Debug|x86.ActiveCfg = Debug|Win32
		{325D9071-4FB7-4C05-9021-C950425DB0BD}.Debug|x86.Build.0 = Debug|Win32
		{325D9071-4FB7-4C05-9021-C950425DB0BD}.Release|x64.ActiveCfg = Release|x64
		{325D9071-4FB7-4C05-9021-C950425DB0BD}.Release|x64.Build.0 = Release|x64
		{325D9071-4FB7-4C05-9021-C950425DB0BD}.Release|x86.ActiveCfg = Release|Win32
		{325D9071-4FB7-4C05-9021-C950425DB0BD}.Release|x86.Build.0 = Release|Win32
		{7C1FCCED-7EA6-492E-9D8F-25F7DE4C3CC4}.Debug|x64.ActiveCfg = Debug|x64
		{7C1FCCED-7EA6-492E-9D8F-25F7DE4C3CC4}.Debug|x64.Build.0 = Debug|x64
		{7C1FCCED-7EA6-492E-9D8F-25F7DE4C3CC4}.Debug|x86.ActiveCfg = Debug|Win32
		{7C1FCCED-7EA6-492E-9D8F-25F7DE4C3CC4}.Debug|x86.Build.0 = Debug|Win32
		{7C1FCCED-7EA6-492E-9D8F-25F7DE4C3CC4}.Release|x64.ActiveCfg = Release|x64
		{7C1FCCED-7EA6-492E-9D8F-25F7DE4C3CC4}.Release|x64.Build.0 = Release|x64
		{7C1FCCED-7EA6-492E-9D8F-25F7DE4C3CC4}.Release|x86.ActiveCfg = Release|Win32
		{7C1FCCED-7EA6-492E-9D8F-25F7DE4C3CC4}.Release|x86.Build.0 = Release|Win32
		{BC11E86F-50AB-458C-AC52-DE57365025D8}.Debug|x64.ActiveCfg = Debug|x64
		{BC11E86F-50AB-458C-AC52-DE57365025D8}.Debug|x64.Build.0 = Debug|x64
		{BC11E86F-50AB-458C-AC52-DE57365025D8}.Debug|x86.ActiveCfg = Debug|Win32
		{BC11E86F-50AB-458C-AC52-DE57365025D8}.Debug|x86.Build.0 = Debug|Win32
		{BC11E86F-50AB-458C-AC52-DE57365025D8}.Release|x64.ActiveCfg = Release|x64
		{BC11E86F-50AB-458C-AC52-DE57365025D8}.Release|x64.Build.0 = Release|x64
		{BC11E86F-50AB-458C-AC52-DE57365025D8}.Release|x86.ActiveCfg = Release|Win32
		{BC11E86F-50AB-458C-AC52-DE57365025D8}.Release|x86.Build.0 = Release|Win32
		{2F85EB1E-4F3C-4833-847A-02C083D9E8B9}.Debug|x64.ActiveCfg = Debug|x64
		{2F85EB1E-4F3C-4833-847A-02C083D9E8B9}.Debug|x64.Build.0 = Debug|x64
		{2F85EB1E-4F3C-4833-847A-02C083D9E8B9}.Debug|x86.ActiveCfg = Debug|Win32
		{2F85EB1E-4F3C-4833-847A-02C083D9E8B9}.Debug|x86.Build.0 = Debug|Win32
		{2F85EB1E-4F3C-4833-847A-02C083D9E8B9}.Release|x64.ActiveCfg = Release|x64
		{2F85EB1E-4F3C-4833-847A-02C083D9E8B9}.Release|x64.Build.0 = Release|x64
		{2F85EB1E-4F3C-4833-847A-02C083D9E8B9}.Release|x86.ActiveCfg = Release|Win32
		{2F85EB1E-4F3C-4833-847A-02C083D9E8B9}.Release|x86.Build.0 = Release|Win32
	EndGlobalSection
	GlobalSection(SolutionProperties) = preSolution
		HideSolutionNode = FALSE
	EndGlobalSection
	GlobalSection(ExtensibilityGlobals) = postSolution
		SolutionGuid = {1BC4A518-A95C-407B-A2C4-831E179D100A}
	EndGlobalSection
EndGlobal
